
Microsoft Visual Studio Solution File, Format Version 12.00
# Visual Studio Version 16
VisualStudioVersion = 16.0.29613.14
MinimumVisualStudioVersion = 10.0.40219.1
Project("{FAE04EC0-301F-11D3-BF4B-00C04F79EFBC}") = "ConsoleApp6", "ConsoleApp6.csproj", "{7809BBD7-71D1-44AB-8A1F-AFA009FE5F4A}"
EndProject
Global
	GlobalSection(SolutionConfigurationPlatforms) = preSolution
		Debug|Any CPU = Debug|Any CPU
		Release|Any CPU = Release|Any CPU
	EndGlobalSection
	GlobalSection(ProjectConfigurationPlatforms) = postSolution
		{7809BBD7-71D1-44AB-8A1F-AFA009FE5F4A}.Debug|Any CPU.ActiveCfg = Debug|Any CPU
		{7809BBD7-71D1-44AB-8A1F-AFA009FE5F4A}.Debug|Any CPU.Build.0 = Debug|Any CPU
		{7809BBD7-71D1-44AB-8A1F-AFA009FE5F4A}.Release|Any CPU.ActiveCfg = Release|Any CPU
		{7809BBD7-71D1-44AB-8A1F-AFA009FE5F4A}.Release|Any CPU.Build.0 = Release|Any CPU
	EndGlobalSection
	GlobalSection(SolutionProperties) = preSolution
		HideSolutionNode = FALSE
	EndGlobalSection
	GlobalSection(ExtensibilityGlobals) = postSolution
		SolutionGuid = {4406EBCF-9A72-4399-B61D-38BEB2D39A3F}
	EndGlobalSection
	GlobalSection(TeamFoundationVersionControl) = preSolution
		SccNumberOfProjects = 2
		SccEnterpriseProvider = {4CA58AB2-18FA-4F8D-95D4-32DDF27D184C}
		SccTeamFoundationServer = http://desktop-rd5g1bc/test
		SccLocalPath0 = .
		SccProjectUniqueName1 = ConsoleApp6.csproj
		SccLocalPath1 = .
	EndGlobalSection
EndGlobal
